
Microsoft Visual Studio Solution File, Format Version 12.00
# Visual Studio Version 17
VisualStudioVersion = 17.0.31919.166
MinimumVisualStudioVersion = 10.0.40219.1
Project("{FAE04EC0-301F-11D3-BF4B-00C04F79EFBC}") = "WebApi_StockManagerProject", "WebApi_StockManagerProject\WebApi_StockManagerProject.csproj", "{489A5C0C-2A17-4451-AA8B-A68ECE151174}"
EndProject
Global
	GlobalSection(SolutionConfigurationPlatforms) = preSolution
		Debug|Any CPU = Debug|Any CPU
		Release|Any CPU = Release|Any CPU
	EndGlobalSection
	GlobalSection(ProjectConfigurationPlatforms) = postSolution
		{489A5C0C-2A17-4451-AA8B-A68ECE151174}.Debug|Any CPU.ActiveCfg = Debug|Any CPU
		{489A5C0C-2A17-4451-AA8B-A68ECE151174}.Debug|Any CPU.Build.0 = Debug|Any CPU
		{489A5C0C-2A17-4451-AA8B-A68ECE151174}.Release|Any CPU.ActiveCfg = Release|Any CPU
		{489A5C0C-2A17-4451-AA8B-A68ECE151174}.Release|Any CPU.Build.0 = Release|Any CPU
	EndGlobalSection
	GlobalSection(SolutionProperties) = preSolution
		HideSolutionNode = FALSE
	EndGlobalSection
	GlobalSection(ExtensibilityGlobals) = postSolution
		SolutionGuid = {302CAA5B-2D32-43EE-BED2-76351CB4CCBC}
	EndGlobalSection
EndGlobal
